// !$*UTF8*$!
{
	archiveVersion = 1;
	classes = {
	};
	objectVersion = 55;
	objects = {

/* Begin PBXBuildFile section */
		485ED3B6A58D8751D6C87107 /* Pods_Parse_Chat_Parse_ChatUITests.framework in Frameworks */ = {isa = PBXBuildFile; fileRef = 66516F095B4E97B61AF677B6 /* Pods_Parse_Chat_Parse_ChatUITests.framework */; };
		AF8F811EF87772D42A51DE53 /* Pods_Parse_Chat.framework in Frameworks */ = {isa = PBXBuildFile; fileRef = B4274551768C51D2D88141E0 /* Pods_Parse_Chat.framework */; };
		E433F34461D20935ACA2BC97 /* Pods_Parse_ChatTests.framework in Frameworks */ = {isa = PBXBuildFile; fileRef = 67FF1CE434E71CBB39AAF953 /* Pods_Parse_ChatTests.framework */; };
		EED41AF1286A153D00BB2BED /* AppDelegate.m in Sources */ = {isa = PBXBuildFile; fileRef = EED41AF0286A153D00BB2BED /* AppDelegate.m */; };
		EED41AF4286A153D00BB2BED /* SceneDelegate.m in Sources */ = {isa = PBXBuildFile; fileRef = EED41AF3286A153D00BB2BED /* SceneDelegate.m */; };
		EED41AFA286A153D00BB2BED /* Main.storyboard in Resources */ = {isa = PBXBuildFile; fileRef = EED41AF8286A153D00BB2BED /* Main.storyboard */; };
		EED41AFC286A153E00BB2BED /* Assets.xcassets in Resources */ = {isa = PBXBuildFile; fileRef = EED41AFB286A153E00BB2BED /* Assets.xcassets */; };
		EED41AFF286A153E00BB2BED /* LaunchScreen.storyboard in Resources */ = {isa = PBXBuildFile; fileRef = EED41AFD286A153E00BB2BED /* LaunchScreen.storyboard */; };
		EED41B02286A153E00BB2BED /* main.m in Sources */ = {isa = PBXBuildFile; fileRef = EED41B01286A153E00BB2BED /* main.m */; };
		EED41B0C286A153E00BB2BED /* Parse_ChatTests.m in Sources */ = {isa = PBXBuildFile; fileRef = EED41B0B286A153E00BB2BED /* Parse_ChatTests.m */; };
		EED41B16286A153E00BB2BED /* Parse_ChatUITests.m in Sources */ = {isa = PBXBuildFile; fileRef = EED41B15286A153E00BB2BED /* Parse_ChatUITests.m */; };
		EED41B18286A153E00BB2BED /* Parse_ChatUITestsLaunchTests.m in Sources */ = {isa = PBXBuildFile; fileRef = EED41B17286A153E00BB2BED /* Parse_ChatUITestsLaunchTests.m */; };
		EED41B26286A175B00BB2BED /* LoginViewController.m in Sources */ = {isa = PBXBuildFile; fileRef = EED41B25286A175B00BB2BED /* LoginViewController.m */; };
		EED41B29286A1DB100BB2BED /* ChatViewController.m in Sources */ = {isa = PBXBuildFile; fileRef = EED41B28286A1DB100BB2BED /* ChatViewController.m */; };
/* End PBXBuildFile section */

/* Begin PBXContainerItemProxy section */
		EED41B08286A153E00BB2BED /* PBXContainerItemProxy */ = {
			isa = PBXContainerItemProxy;
			containerPortal = EED41AE4286A153D00BB2BED /* Project object */;
			proxyType = 1;
			remoteGlobalIDString = EED41AEB286A153D00BB2BED;
			remoteInfo = "Parse Chat";
		};
		EED41B12286A153E00BB2BED /* PBXContainerItemProxy */ = {
			isa = PBXContainerItemProxy;
			containerPortal = EED41AE4286A153D00BB2BED /* Project object */;
			proxyType = 1;
			remoteGlobalIDString = EED41AEB286A153D00BB2BED;
			remoteInfo = "Parse Chat";
		};
/* End PBXContainerItemProxy section */

/* Begin PBXFileReference section */
		1627A1DC910710A591511198 /* Pods-Parse Chat-Parse ChatUITests.release.xcconfig */ = {isa = PBXFileReference; includeInIndex = 1; lastKnownFileType = text.xcconfig; name = "Pods-Parse Chat-Parse ChatUITests.release.xcconfig"; path = "Target Support Files/Pods-Parse Chat-Parse ChatUITests/Pods-Parse Chat-Parse ChatUITests.release.xcconfig"; sourceTree = "<group>"; };
		2195678A7774721B3E263761 /* Pods-Parse Chat.debug.xcconfig */ = {isa = PBXFileReference; includeInIndex = 1; lastKnownFileType = text.xcconfig; name = "Pods-Parse Chat.debug.xcconfig"; path = "Target Support Files/Pods-Parse Chat/Pods-Parse Chat.debug.xcconfig"; sourceTree = "<group>"; };
		66516F095B4E97B61AF677B6 /* Pods_Parse_Chat_Parse_ChatUITests.framework */ = {isa = PBXFileReference; explicitFileType = wrapper.framework; includeInIndex = 0; path = Pods_Parse_Chat_Parse_ChatUITests.framework; sourceTree = BUILT_PRODUCTS_DIR; };
		67FF1CE434E71CBB39AAF953 /* Pods_Parse_ChatTests.framework */ = {isa = PBXFileReference; explicitFileType = wrapper.framework; includeInIndex = 0; path = Pods_Parse_ChatTests.framework; sourceTree = BUILT_PRODUCTS_DIR; };
		6EBFA526AE3F3D5995273EAD /* Pods-Parse ChatTests.release.xcconfig */ = {isa = PBXFileReference; includeInIndex = 1; lastKnownFileType = text.xcconfig; name = "Pods-Parse ChatTests.release.xcconfig"; path = "Target Support Files/Pods-Parse ChatTests/Pods-Parse ChatTests.release.xcconfig"; sourceTree = "<group>"; };
		B4274551768C51D2D88141E0 /* Pods_Parse_Chat.framework */ = {isa = PBXFileReference; explicitFileType = wrapper.framework; includeInIndex = 0; path = Pods_Parse_Chat.framework; sourceTree = BUILT_PRODUCTS_DIR; };
		BD65E29D652A3971B2CC87B5 /* Pods-Parse Chat.release.xcconfig */ = {isa = PBXFileReference; includeInIndex = 1; lastKnownFileType = text.xcconfig; name = "Pods-Parse Chat.release.xcconfig"; path = "Target Support Files/Pods-Parse Chat/Pods-Parse Chat.release.xcconfig"; sourceTree = "<group>"; };
		BF1AF816F4B4023511A9E707 /* Pods-Parse Chat-Parse ChatUITests.debug.xcconfig */ = {isa = PBXFileReference; includeInIndex = 1; lastKnownFileType = text.xcconfig; name = "Pods-Parse Chat-Parse ChatUITests.debug.xcconfig"; path = "Target Support Files/Pods-Parse Chat-Parse ChatUITests/Pods-Parse Chat-Parse ChatUITests.debug.xcconfig"; sourceTree = "<group>"; };
		EED41AEC286A153D00BB2BED /* Parse Chat.app */ = {isa = PBXFileReference; explicitFileType = wrapper.application; includeInIndex = 0; path = "Parse Chat.app"; sourceTree = BUILT_PRODUCTS_DIR; };
		EED41AEF286A153D00BB2BED /* AppDelegate.h */ = {isa = PBXFileReference; lastKnownFileType = sourcecode.c.h; path = AppDelegate.h; sourceTree = "<group>"; };
		EED41AF0286A153D00BB2BED /* AppDelegate.m */ = {isa = PBXFileReference; lastKnownFileType = sourcecode.c.objc; path = AppDelegate.m; sourceTree = "<group>"; };
		EED41AF2286A153D00BB2BED /* SceneDelegate.h */ = {isa = PBXFileReference; lastKnownFileType = sourcecode.c.h; path = SceneDelegate.h; sourceTree = "<group>"; };
		EED41AF3286A153D00BB2BED /* SceneDelegate.m */ = {isa = PBXFileReference; lastKnownFileType = sourcecode.c.objc; path = SceneDelegate.m; sourceTree = "<group>"; };
		EED41AF9286A153D00BB2BED /* Base */ = {isa = PBXFileReference; lastKnownFileType = file.storyboard; name = Base; path = Base.lproj/Main.storyboard; sourceTree = "<group>"; };
		EED41AFB286A153E00BB2BED /* Assets.xcassets */ = {isa = PBXFileReference; lastKnownFileType = folder.assetcatalog; path = Assets.xcassets; sourceTree = "<group>"; };
		EED41AFE286A153E00BB2BED /* Base */ = {isa = PBXFileReference; lastKnownFileType = file.storyboard; name = Base; path = Base.lproj/LaunchScreen.storyboard; sourceTree = "<group>"; };
		EED41B00286A153E00BB2BED /* Info.plist */ = {isa = PBXFileReference; lastKnownFileType = text.plist.xml; path = Info.plist; sourceTree = "<group>"; };
		EED41B01286A153E00BB2BED /* main.m */ = {isa = PBXFileReference; lastKnownFileType = sourcecode.c.objc; path = main.m; sourceTree = "<group>"; };
		EED41B07286A153E00BB2BED /* Parse ChatTests.xctest */ = {isa = PBXFileReference; explicitFileType = wrapper.cfbundle; includeInIndex = 0; path = "Parse ChatTests.xctest"; sourceTree = BUILT_PRODUCTS_DIR; };
		EED41B0B286A153E00BB2BED /* Parse_ChatTests.m */ = {isa = PBXFileReference; lastKnownFileType = sourcecode.c.objc; path = Parse_ChatTests.m; sourceTree = "<group>"; };
		EED41B11286A153E00BB2BED /* Parse ChatUITests.xctest */ = {isa = PBXFileReference; explicitFileType = wrapper.cfbundle; includeInIndex = 0; path = "Parse ChatUITests.xctest"; sourceTree = BUILT_PRODUCTS_DIR; };
		EED41B15286A153E00BB2BED /* Parse_ChatUITests.m */ = {isa = PBXFileReference; lastKnownFileType = sourcecode.c.objc; path = Parse_ChatUITests.m; sourceTree = "<group>"; };
		EED41B17286A153E00BB2BED /* Parse_ChatUITestsLaunchTests.m */ = {isa = PBXFileReference; lastKnownFileType = sourcecode.c.objc; path = Parse_ChatUITestsLaunchTests.m; sourceTree = "<group>"; };
		EED41B24286A175B00BB2BED /* LoginViewController.h */ = {isa = PBXFileReference; lastKnownFileType = sourcecode.c.h; path = LoginViewController.h; sourceTree = "<group>"; };
		EED41B25286A175B00BB2BED /* LoginViewController.m */ = {isa = PBXFileReference; lastKnownFileType = sourcecode.c.objc; path = LoginViewController.m; sourceTree = "<group>"; };
		EED41B27286A1DB100BB2BED /* ChatViewController.h */ = {isa = PBXFileReference; lastKnownFileType = sourcecode.c.h; path = ChatViewController.h; sourceTree = "<group>"; };
		EED41B28286A1DB100BB2BED /* ChatViewController.m */ = {isa = PBXFileReference; lastKnownFileType = sourcecode.c.objc; path = ChatViewController.m; sourceTree = "<group>"; };
		FFF28B4413E910CDE57E5436 /* Pods-Parse ChatTests.debug.xcconfig */ = {isa = PBXFileReference; includeInIndex = 1; lastKnownFileType = text.xcconfig; name = "Pods-Parse ChatTests.debug.xcconfig"; path = "Target Support Files/Pods-Parse ChatTests/Pods-Parse ChatTests.debug.xcconfig"; sourceTree = "<group>"; };
/* End PBXFileReference section */

/* Begin PBXFrameworksBuildPhase section */
		EED41AE9286A153D00BB2BED /* Frameworks */ = {
			isa = PBXFrameworksBuildPhase;
			buildActionMask = 2147483647;
			files = (
				AF8F811EF87772D42A51DE53 /* Pods_Parse_Chat.framework in Frameworks */,
			);
			runOnlyForDeploymentPostprocessing = 0;
		};
		EED41B04286A153E00BB2BED /* Frameworks */ = {
			isa = PBXFrameworksBuildPhase;
			buildActionMask = 2147483647;
			files = (
				E433F34461D20935ACA2BC97 /* Pods_Parse_ChatTests.framework in Frameworks */,
			);
			runOnlyForDeploymentPostprocessing = 0;
		};
		EED41B0E286A153E00BB2BED /* Frameworks */ = {
			isa = PBXFrameworksBuildPhase;
			buildActionMask = 2147483647;
			files = (
				485ED3B6A58D8751D6C87107 /* Pods_Parse_Chat_Parse_ChatUITests.framework in Frameworks */,
			);
			runOnlyForDeploymentPostprocessing = 0;
		};
/* End PBXFrameworksBuildPhase section */

/* Begin PBXGroup section */
		40404794FA740033C394E02D /* Frameworks */ = {
			isa = PBXGroup;
			children = (
				B4274551768C51D2D88141E0 /* Pods_Parse_Chat.framework */,
				66516F095B4E97B61AF677B6 /* Pods_Parse_Chat_Parse_ChatUITests.framework */,
				67FF1CE434E71CBB39AAF953 /* Pods_Parse_ChatTests.framework */,
			);
			name = Frameworks;
			sourceTree = "<group>";
		};
		ACF7CA947AA8E1E737E1D810 /* Pods */ = {
			isa = PBXGroup;
			children = (
				2195678A7774721B3E263761 /* Pods-Parse Chat.debug.xcconfig */,
				BD65E29D652A3971B2CC87B5 /* Pods-Parse Chat.release.xcconfig */,
				BF1AF816F4B4023511A9E707 /* Pods-Parse Chat-Parse ChatUITests.debug.xcconfig */,
				1627A1DC910710A591511198 /* Pods-Parse Chat-Parse ChatUITests.release.xcconfig */,
				FFF28B4413E910CDE57E5436 /* Pods-Parse ChatTests.debug.xcconfig */,
				6EBFA526AE3F3D5995273EAD /* Pods-Parse ChatTests.release.xcconfig */,
			);
			path = Pods;
			sourceTree = "<group>";
		};
		EED41AE3286A153D00BB2BED = {
			isa = PBXGroup;
			children = (
				EED41AEE286A153D00BB2BED /* Parse Chat */,
				EED41B0A286A153E00BB2BED /* Parse ChatTests */,
				EED41B14286A153E00BB2BED /* Parse ChatUITests */,
				EED41AED286A153D00BB2BED /* Products */,
				ACF7CA947AA8E1E737E1D810 /* Pods */,
				40404794FA740033C394E02D /* Frameworks */,
			);
			sourceTree = "<group>";
		};
		EED41AED286A153D00BB2BED /* Products */ = {
			isa = PBXGroup;
			children = (
				EED41AEC286A153D00BB2BED /* Parse Chat.app */,
				EED41B07286A153E00BB2BED /* Parse ChatTests.xctest */,
				EED41B11286A153E00BB2BED /* Parse ChatUITests.xctest */,
			);
			name = Products;
			sourceTree = "<group>";
		};
		EED41AEE286A153D00BB2BED /* Parse Chat */ = {
			isa = PBXGroup;
			children = (
				EED41AEF286A153D00BB2BED /* AppDelegate.h */,
				EED41AF0286A153D00BB2BED /* AppDelegate.m */,
				EED41AF2286A153D00BB2BED /* SceneDelegate.h */,
				EED41AF3286A153D00BB2BED /* SceneDelegate.m */,
				EED41AF8286A153D00BB2BED /* Main.storyboard */,
				EED41B24286A175B00BB2BED /* LoginViewController.h */,
				EED41B25286A175B00BB2BED /* LoginViewController.m */,
				EED41AFB286A153E00BB2BED /* Assets.xcassets */,
				EED41AFD286A153E00BB2BED /* LaunchScreen.storyboard */,
				EED41B00286A153E00BB2BED /* Info.plist */,
				EED41B01286A153E00BB2BED /* main.m */,
				EED41B27286A1DB100BB2BED /* ChatViewController.h */,
				EED41B28286A1DB100BB2BED /* ChatViewController.m */,
			);
			path = "Parse Chat";
			sourceTree = "<group>";
		};
		EED41B0A286A153E00BB2BED /* Parse ChatTests */ = {
			isa = PBXGroup;
			children = (
				EED41B0B286A153E00BB2BED /* Parse_ChatTests.m */,
			);
			path = "Parse ChatTests";
			sourceTree = "<group>";
		};
		EED41B14286A153E00BB2BED /* Parse ChatUITests */ = {
			isa = PBXGroup;
			children = (
				EED41B15286A153E00BB2BED /* Parse_ChatUITests.m */,
				EED41B17286A153E00BB2BED /* Parse_ChatUITestsLaunchTests.m */,
			);
			path = "Parse ChatUITests";
			sourceTree = "<group>";
		};
/* End PBXGroup section */

/* Begin PBXNativeTarget section */
		EED41AEB286A153D00BB2BED /* Parse Chat */ = {
			isa = PBXNativeTarget;
			buildConfigurationList = EED41B1B286A153E00BB2BED /* Build configuration list for PBXNativeTarget "Parse Chat" */;
			buildPhases = (
				D2ECE6010975676B50ACD6DA /* [CP] Check Pods Manifest.lock */,
				EED41AE8286A153D00BB2BED /* Sources */,
				EED41AE9286A153D00BB2BED /* Frameworks */,
				EED41AEA286A153D00BB2BED /* Resources */,
				EA325BEC717F8EC9F637C325 /* [CP] Embed Pods Frameworks */,
			);
			buildRules = (
			);
			dependencies = (
			);
			name = "Parse Chat";
			productName = "Parse Chat";
			productReference = EED41AEC286A153D00BB2BED /* Parse Chat.app */;
			productType = "com.apple.product-type.application";
		};
		EED41B06286A153E00BB2BED /* Parse ChatTests */ = {
			isa = PBXNativeTarget;
			buildConfigurationList = EED41B1E286A153E00BB2BED /* Build configuration list for PBXNativeTarget "Parse ChatTests" */;
			buildPhases = (
				826F4933C2C49DCAB9E11C8B /* [CP] Check Pods Manifest.lock */,
				EED41B03286A153E00BB2BED /* Sources */,
				EED41B04286A153E00BB2BED /* Frameworks */,
				EED41B05286A153E00BB2BED /* Resources */,
			);
			buildRules = (
			);
			dependencies = (
				EED41B09286A153E00BB2BED /* PBXTargetDependency */,
			);
			name = "Parse ChatTests";
			productName = "Parse ChatTests";
			productReference = EED41B07286A153E00BB2BED /* Parse ChatTests.xctest */;
			productType = "com.apple.product-type.bundle.unit-test";
		};
		EED41B10286A153E00BB2BED /* Parse ChatUITests */ = {
			isa = PBXNativeTarget;
			buildConfigurationList = EED41B21286A153E00BB2BED /* Build configuration list for PBXNativeTarget "Parse ChatUITests" */;
			buildPhases = (
				36B0F2250A5DFB15F6D9F616 /* [CP] Check Pods Manifest.lock */,
				EED41B0D286A153E00BB2BED /* Sources */,
				EED41B0E286A153E00BB2BED /* Frameworks */,
				EED41B0F286A153E00BB2BED /* Resources */,
				7739AD378DB7D0A2AC5E3530 /* [CP] Embed Pods Frameworks */,
			);
			buildRules = (
			);
			dependencies = (
				EED41B13286A153E00BB2BED /* PBXTargetDependency */,
			);
			name = "Parse ChatUITests";
			productName = "Parse ChatUITests";
			productReference = EED41B11286A153E00BB2BED /* Parse ChatUITests.xctest */;
			productType = "com.apple.product-type.bundle.ui-testing";
		};
/* End PBXNativeTarget section */

/* Begin PBXProject section */
		EED41AE4286A153D00BB2BED /* Project object */ = {
			isa = PBXProject;
			attributes = {
				BuildIndependentTargetsInParallel = 1;
				LastUpgradeCheck = 1340;
				TargetAttributes = {
					EED41AEB286A153D00BB2BED = {
						CreatedOnToolsVersion = 13.4.1;
					};
					EED41B06286A153E00BB2BED = {
						CreatedOnToolsVersion = 13.4.1;
						TestTargetID = EED41AEB286A153D00BB2BED;
					};
					EED41B10286A153E00BB2BED = {
						CreatedOnToolsVersion = 13.4.1;
						TestTargetID = EED41AEB286A153D00BB2BED;
					};
				};
			};
			buildConfigurationList = EED41AE7286A153D00BB2BED /* Build configuration list for PBXProject "Parse Chat" */;
			compatibilityVersion = "Xcode 13.0";
			developmentRegion = en;
			hasScannedForEncodings = 0;
			knownRegions = (
				en,
				Base,
			);
			mainGroup = EED41AE3286A153D00BB2BED;
			productRefGroup = EED41AED286A153D00BB2BED /* Products */;
			projectDirPath = "";
			projectRoot = "";
			targets = (
				EED41AEB286A153D00BB2BED /* Parse Chat */,
				EED41B06286A153E00BB2BED /* Parse ChatTests */,
				EED41B10286A153E00BB2BED /* Parse ChatUITests */,
			);
		};
/* End PBXProject section */

/* Begin PBXResourcesBuildPhase section */
		EED41AEA286A153D00BB2BED /* Resources */ = {
			isa = PBXResourcesBuildPhase;
			buildActionMask = 2147483647;
			files = (
				EED41AFF286A153E00BB2BED /* LaunchScreen.storyboard in Resources */,
				EED41AFC286A153E00BB2BED /* Assets.xcassets in Resources */,
				EED41AFA286A153D00BB2BED /* Main.storyboard in Resources */,
			);
			runOnlyForDeploymentPostprocessing = 0;
		};
		EED41B05286A153E00BB2BED /* Resources */ = {
			isa = PBXResourcesBuildPhase;
			buildActionMask = 2147483647;
			files = (
			);
			runOnlyForDeploymentPostprocessing = 0;
		};
		EED41B0F286A153E00BB2BED /* Resources */ = {
			isa = PBXResourcesBuildPhase;
			buildActionMask = 2147483647;
			files = (
			);
			runOnlyForDeploymentPostprocessing = 0;
		};
/* End PBXResourcesBuildPhase section */

/* Begin PBXShellScriptBuildPhase section */
		36B0F2250A5DFB15F6D9F616 /* [CP] Check Pods Manifest.lock */ = {
			isa = PBXShellScriptBuildPhase;
			buildActionMask = 2147483647;
			files = (
			);
			inputFileListPaths = (
			);
			inputPaths = (
				"${PODS_PODFILE_DIR_PATH}/Podfile.lock",
				"${PODS_ROOT}/Manifest.lock",
			);
			name = "[CP] Check Pods Manifest.lock";
			outputFileListPaths = (
			);
			outputPaths = (
				"$(DERIVED_FILE_DIR)/Pods-Parse Chat-Parse ChatUITests-checkManifestLockResult.txt",
			);
			runOnlyForDeploymentPostprocessing = 0;
			shellPath = /bin/sh;
			shellScript = "diff \"${PODS_PODFILE_DIR_PATH}/Podfile.lock\" \"${PODS_ROOT}/Manifest.lock\" > /dev/null\nif [ $? != 0 ] ; then\n    # print error to STDERR\n    echo \"error: The sandbox is not in sync with the Podfile.lock. Run 'pod install' or update your CocoaPods installation.\" >&2\n    exit 1\nfi\n# This output is used by Xcode 'outputs' to avoid re-running this script phase.\necho \"SUCCESS\" > \"${SCRIPT_OUTPUT_FILE_0}\"\n";
			showEnvVarsInLog = 0;
		};
		7739AD378DB7D0A2AC5E3530 /* [CP] Embed Pods Frameworks */ = {
			isa = PBXShellScriptBuildPhase;
			buildActionMask = 2147483647;
			files = (
			);
			inputFileListPaths = (
				"${PODS_ROOT}/Target Support Files/Pods-Parse Chat-Parse ChatUITests/Pods-Parse Chat-Parse ChatUITests-frameworks-${CONFIGURATION}-input-files.xcfilelist",
			);
			name = "[CP] Embed Pods Frameworks";
			outputFileListPaths = (
				"${PODS_ROOT}/Target Support Files/Pods-Parse Chat-Parse ChatUITests/Pods-Parse Chat-Parse ChatUITests-frameworks-${CONFIGURATION}-output-files.xcfilelist",
			);
			runOnlyForDeploymentPostprocessing = 0;
			shellPath = /bin/sh;
			shellScript = "\"${PODS_ROOT}/Target Support Files/Pods-Parse Chat-Parse ChatUITests/Pods-Parse Chat-Parse ChatUITests-frameworks.sh\"\n";
			showEnvVarsInLog = 0;
		};
		826F4933C2C49DCAB9E11C8B /* [CP] Check Pods Manifest.lock */ = {
			isa = PBXShellScriptBuildPhase;
			buildActionMask = 2147483647;
			files = (
			);
			inputFileListPaths = (
			);
			inputPaths = (
				"${PODS_PODFILE_DIR_PATH}/Podfile.lock",
				"${PODS_ROOT}/Manifest.lock",
			);
			name = "[CP] Check Pods Manifest.lock";
			outputFileListPaths = (
			);
			outputPaths = (
				"$(DERIVED_FILE_DIR)/Pods-Parse ChatTests-checkManifestLockResult.txt",
			);
			runOnlyForDeploymentPostprocessing = 0;
			shellPath = /bin/sh;
			shellScript = "diff \"${PODS_PODFILE_DIR_PATH}/Podfile.lock\" \"${PODS_ROOT}/Manifest.lock\" > /dev/null\nif [ $? != 0 ] ; then\n    # print error to STDERR\n    echo \"error: The sandbox is not in sync with the Podfile.lock. Run 'pod install' or update your CocoaPods installation.\" >&2\n    exit 1\nfi\n# This output is used by Xcode 'outputs' to avoid re-running this script phase.\necho \"SUCCESS\" > \"${SCRIPT_OUTPUT_FILE_0}\"\n";
			showEnvVarsInLog = 0;
		};
		D2ECE6010975676B50ACD6DA /* [CP] Check Pods Manifest.lock */ = {
			isa = PBXShellScriptBuildPhase;
			buildActionMask = 2147483647;
			files = (
			);
			inputFileListPaths = (
			);
			inputPaths = (
				"${PODS_PODFILE_DIR_PATH}/Podfile.lock",
				"${PODS_ROOT}/Manifest.lock",
			);
			name = "[CP] Check Pods Manifest.lock";
			outputFileListPaths = (
			);
			outputPaths = (
				"$(DERIVED_FILE_DIR)/Pods-Parse Chat-checkManifestLockResult.txt",
			);
			runOnlyForDeploymentPostprocessing = 0;
			shellPath = /bin/sh;
			shellScript = "diff \"${PODS_PODFILE_DIR_PATH}/Podfile.lock\" \"${PODS_ROOT}/Manifest.lock\" > /dev/null\nif [ $? != 0 ] ; then\n    # print error to STDERR\n    echo \"error: The sandbox is not in sync with the Podfile.lock. Run 'pod install' or update your CocoaPods installation.\" >&2\n    exit 1\nfi\n# This output is used by Xcode 'outputs' to avoid re-running this script phase.\necho \"SUCCESS\" > \"${SCRIPT_OUTPUT_FILE_0}\"\n";
			showEnvVarsInLog = 0;
		};
		EA325BEC717F8EC9F637C325 /* [CP] Embed Pods Frameworks */ = {
			isa = PBXShellScriptBuildPhase;
			buildActionMask = 2147483647;
			files = (
			);
			inputFileListPaths = (
				"${PODS_ROOT}/Target Support Files/Pods-Parse Chat/Pods-Parse Chat-frameworks-${CONFIGURATION}-input-files.xcfilelist",
			);
			name = "[CP] Embed Pods Frameworks";
			outputFileListPaths = (
				"${PODS_ROOT}/Target Support Files/Pods-Parse Chat/Pods-Parse Chat-frameworks-${CONFIGURATION}-output-files.xcfilelist",
			);
			runOnlyForDeploymentPostprocessing = 0;
			shellPath = /bin/sh;
			shellScript = "\"${PODS_ROOT}/Target Support Files/Pods-Parse Chat/Pods-Parse Chat-frameworks.sh\"\n";
			showEnvVarsInLog = 0;
		};
/* End PBXShellScriptBuildPhase section */

/* Begin PBXSourcesBuildPhase section */
		EED41AE8286A153D00BB2BED /* Sources */ = {
			isa = PBXSourcesBuildPhase;
			buildActionMask = 2147483647;
			files = (
				EED41B26286A175B00BB2BED /* LoginViewController.m in Sources */,
				EED41AF1286A153D00BB2BED /* AppDelegate.m in Sources */,
				EED41B29286A1DB100BB2BED /* ChatViewController.m in Sources */,
				EED41B02286A153E00BB2BED /* main.m in Sources */,
				EED41AF4286A153D00BB2BED /* SceneDelegate.m in Sources */,
			);
			runOnlyForDeploymentPostprocessing = 0;
		};
		EED41B03286A153E00BB2BED /* Sources */ = {
			isa = PBXSourcesBuildPhase;
			buildActionMask = 2147483647;
			files = (
				EED41B0C286A153E00BB2BED /* Parse_ChatTests.m in Sources */,
			);
			runOnlyForDeploymentPostprocessing = 0;
		};
		EED41B0D286A153E00BB2BED /* Sources */ = {
			isa = PBXSourcesBuildPhase;
			buildActionMask = 2147483647;
			files = (
				EED41B18286A153E00BB2BED /* Parse_ChatUITestsLaunchTests.m in Sources */,
				EED41B16286A153E00BB2BED /* Parse_ChatUITests.m in Sources */,
			);
			runOnlyForDeploymentPostprocessing = 0;
		};
/* End PBXSourcesBuildPhase section */

/* Begin PBXTargetDependency section */
		EED41B09286A153E00BB2BED /* PBXTargetDependency */ = {
			isa = PBXTargetDependency;
			target = EED41AEB286A153D00BB2BED /* Parse Chat */;
			targetProxy = EED41B08286A153E00BB2BED /* PBXContainerItemProxy */;
		};
		EED41B13286A153E00BB2BED /* PBXTargetDependency */ = {
			isa = PBXTargetDependency;
			target = EED41AEB286A153D00BB2BED /* Parse Chat */;
			targetProxy = EED41B12286A153E00BB2BED /* PBXContainerItemProxy */;
		};
/* End PBXTargetDependency section */

/* Begin PBXVariantGroup section */
		EED41AF8286A153D00BB2BED /* Main.storyboard */ = {
			isa = PBXVariantGroup;
			children = (
				EED41AF9286A153D00BB2BED /* Base */,
			);
			name = Main.storyboard;
			sourceTree = "<group>";
		};
		EED41AFD286A153E00BB2BED /* LaunchScreen.storyboard */ = {
			isa = PBXVariantGroup;
			children = (
				EED41AFE286A153E00BB2BED /* Base */,
			);
			name = LaunchScreen.storyboard;
			sourceTree = "<group>";
		};
/* End PBXVariantGroup section */

/* Begin XCBuildConfiguration section */
		EED41B19286A153E00BB2BED /* Debug */ = {
			isa = XCBuildConfiguration;
			buildSettings = {
				ALWAYS_SEARCH_USER_PATHS = NO;
				CLANG_ANALYZER_NONNULL = YES;
				CLANG_ANALYZER_NUMBER_OBJECT_CONVERSION = YES_AGGRESSIVE;
				CLANG_CXX_LANGUAGE_STANDARD = "gnu++17";
				CLANG_ENABLE_MODULES = YES;
				CLANG_ENABLE_OBJC_ARC = YES;
				CLANG_ENABLE_OBJC_WEAK = YES;
				CLANG_WARN_BLOCK_CAPTURE_AUTORELEASING = YES;
				CLANG_WARN_BOOL_CONVERSION = YES;
				CLANG_WARN_COMMA = YES;
				CLANG_WARN_CONSTANT_CONVERSION = YES;
				CLANG_WARN_DEPRECATED_OBJC_IMPLEMENTATIONS = YES;
				CLANG_WARN_DIRECT_OBJC_ISA_USAGE = YES_ERROR;
				CLANG_WARN_DOCUMENTATION_COMMENTS = YES;
				CLANG_WARN_EMPTY_BODY = YES;
				CLANG_WARN_ENUM_CONVERSION = YES;
				CLANG_WARN_INFINITE_RECURSION = YES;
				CLANG_WARN_INT_CONVERSION = YES;
				CLANG_WARN_NON_LITERAL_NULL_CONVERSION = YES;
				CLANG_WARN_OBJC_IMPLICIT_RETAIN_SELF = YES;
				CLANG_WARN_OBJC_LITERAL_CONVERSION = YES;
				CLANG_WARN_OBJC_ROOT_CLASS = YES_ERROR;
				CLANG_WARN_QUOTED_INCLUDE_IN_FRAMEWORK_HEADER = YES;
				CLANG_WARN_RANGE_LOOP_ANALYSIS = YES;
				CLANG_WARN_STRICT_PROTOTYPES = YES;
				CLANG_WARN_SUSPICIOUS_MOVE = YES;
				CLANG_WARN_UNGUARDED_AVAILABILITY = YES_AGGRESSIVE;
				CLANG_WARN_UNREACHABLE_CODE = YES;
				CLANG_WARN__DUPLICATE_METHOD_MATCH = YES;
				COPY_PHASE_STRIP = NO;
				DEBUG_INFORMATION_FORMAT = dwarf;
				ENABLE_STRICT_OBJC_MSGSEND = YES;
				ENABLE_TESTABILITY = YES;
				GCC_C_LANGUAGE_STANDARD = gnu11;
				GCC_DYNAMIC_NO_PIC = NO;
				GCC_NO_COMMON_BLOCKS = YES;
				GCC_OPTIMIZATION_LEVEL = 0;
				GCC_PREPROCESSOR_DEFINITIONS = (
					"DEBUG=1",
					"$(inherited)",
				);
				GCC_WARN_64_TO_32_BIT_CONVERSION = YES;
				GCC_WARN_ABOUT_RETURN_TYPE = YES_ERROR;
				GCC_WARN_UNDECLARED_SELECTOR = YES;
				GCC_WARN_UNINITIALIZED_AUTOS = YES_AGGRESSIVE;
				GCC_WARN_UNUSED_FUNCTION = YES;
				GCC_WARN_UNUSED_VARIABLE = YES;
				IPHONEOS_DEPLOYMENT_TARGET = 15.5;
				MTL_ENABLE_DEBUG_INFO = INCLUDE_SOURCE;
				MTL_FAST_MATH = YES;
				ONLY_ACTIVE_ARCH = YES;
				SDKROOT = iphoneos;
			};
			name = Debug;
		};
		EED41B1A286A153E00BB2BED /* Release */ = {
			isa = XCBuildConfiguration;
			buildSettings = {
				ALWAYS_SEARCH_USER_PATHS = NO;
				CLANG_ANALYZER_NONNULL = YES;
				CLANG_ANALYZER_NUMBER_OBJECT_CONVERSION = YES_AGGRESSIVE;
				CLANG_CXX_LANGUAGE_STANDARD = "gnu++17";
				CLANG_ENABLE_MODULES = YES;
				CLANG_ENABLE_OBJC_ARC = YES;
				CLANG_ENABLE_OBJC_WEAK = YES;
				CLANG_WARN_BLOCK_CAPTURE_AUTORELEASING = YES;
				CLANG_WARN_BOOL_CONVERSION = YES;
				CLANG_WARN_COMMA = YES;
				CLANG_WARN_CONSTANT_CONVERSION = YES;
				CLANG_WARN_DEPRECATED_OBJC_IMPLEMENTATIONS = YES;
				CLANG_WARN_DIRECT_OBJC_ISA_USAGE = YES_ERROR;
				CLANG_WARN_DOCUMENTATION_COMMENTS = YES;
				CLANG_WARN_EMPTY_BODY = YES;
				CLANG_WARN_ENUM_CONVERSION = YES;
				CLANG_WARN_INFINITE_RECURSION = YES;
				CLANG_WARN_INT_CONVERSION = YES;
				CLANG_WARN_NON_LITERAL_NULL_CONVERSION = YES;
				CLANG_WARN_OBJC_IMPLICIT_RETAIN_SELF = YES;
				CLANG_WARN_OBJC_LITERAL_CONVERSION = YES;
				CLANG_WARN_OBJC_ROOT_CLASS = YES_ERROR;
				CLANG_WARN_QUOTED_INCLUDE_IN_FRAMEWORK_HEADER = YES;
				CLANG_WARN_RANGE_LOOP_ANALYSIS = YES;
				CLANG_WARN_STRICT_PROTOTYPES = YES;
				CLANG_WARN_SUSPICIOUS_MOVE = YES;
				CLANG_WARN_UNGUARDED_AVAILABILITY = YES_AGGRESSIVE;
				CLANG_WARN_UNREACHABLE_CODE = YES;
				CLANG_WARN__DUPLICATE_METHOD_MATCH = YES;
				COPY_PHASE_STRIP = NO;
				DEBUG_INFORMATION_FORMAT = "dwarf-with-dsym";
				ENABLE_NS_ASSERTIONS = NO;
				ENABLE_STRICT_OBJC_MSGSEND = YES;
				GCC_C_LANGUAGE_STANDARD = gnu11;
				GCC_NO_COMMON_BLOCKS = YES;
				GCC_WARN_64_TO_32_BIT_CONVERSION = YES;
				GCC_WARN_ABOUT_RETURN_TYPE = YES_ERROR;
				GCC_WARN_UNDECLARED_SELECTOR = YES;
				GCC_WARN_UNINITIALIZED_AUTOS = YES_AGGRESSIVE;
				GCC_WARN_UNUSED_FUNCTION = YES;
				GCC_WARN_UNUSED_VARIABLE = YES;
				IPHONEOS_DEPLOYMENT_TARGET = 15.5;
				MTL_ENABLE_DEBUG_INFO = NO;
				MTL_FAST_MATH = YES;
				SDKROOT = iphoneos;
				VALIDATE_PRODUCT = YES;
			};
			name = Release;
		};
		EED41B1C286A153E00BB2BED /* Debug */ = {
			isa = XCBuildConfiguration;
			baseConfigurationReference = 2195678A7774721B3E263761 /* Pods-Parse Chat.debug.xcconfig */;
			buildSettings = {
				ASSETCATALOG_COMPILER_APPICON_NAME = AppIcon;
				ASSETCATALOG_COMPILER_GLOBAL_ACCENT_COLOR_NAME = AccentColor;
				CODE_SIGN_STYLE = Automatic;
				CURRENT_PROJECT_VERSION = 1;
				DEVELOPMENT_TEAM = LL534K8W99;
				GENERATE_INFOPLIST_FILE = YES;
				INFOPLIST_FILE = "Parse Chat/Info.plist";
				INFOPLIST_KEY_UIApplicationSupportsIndirectInputEvents = YES;
				INFOPLIST_KEY_UILaunchStoryboardName = LaunchScreen;
				INFOPLIST_KEY_UIMainStoryboardFile = Main;
				INFOPLIST_KEY_UISupportedInterfaceOrientations_iPad = "UIInterfaceOrientationPortrait UIInterfaceOrientationPortraitUpsideDown UIInterfaceOrientationLandscapeLeft UIInterfaceOrientationLandscapeRight";
				INFOPLIST_KEY_UISupportedInterfaceOrientations_iPhone = "UIInterfaceOrientationPortrait UIInterfaceOrientationLandscapeLeft UIInterfaceOrientationLandscapeRight";
				LD_RUNPATH_SEARCH_PATHS = (
					"$(inherited)",
					"@executable_path/Frameworks",
				);
				MARKETING_VERSION = 1.0;
				PRODUCT_BUNDLE_IDENTIFIER = "com.codepath.Parse-Chat";
				PRODUCT_NAME = "$(TARGET_NAME)";
				SWIFT_EMIT_LOC_STRINGS = YES;
				TARGETED_DEVICE_FAMILY = "1,2";
			};
			name = Debug;
		};
		EED41B1D286A153E00BB2BED /* Release */ = {
			isa = XCBuildConfiguration;
			baseConfigurationReference = BD65E29D652A3971B2CC87B5 /* Pods-Parse Chat.release.xcconfig */;
			buildSettings = {
				ASSETCATALOG_COMPILER_APPICON_NAME = AppIcon;
				ASSETCATALOG_COMPILER_GLOBAL_ACCENT_COLOR_NAME = AccentColor;
				CODE_SIGN_STYLE = Automatic;
				CURRENT_PROJECT_VERSION = 1;
				DEVELOPMENT_TEAM = LL534K8W99;
				GENERATE_INFOPLIST_FILE = YES;
				INFOPLIST_FILE = "Parse Chat/Info.plist";
				INFOPLIST_KEY_UIApplicationSupportsIndirectInputEvents = YES;
				INFOPLIST_KEY_UILaunchStoryboardName = LaunchScreen;
				INFOPLIST_KEY_UIMainStoryboardFile = Main;
				INFOPLIST_KEY_UISupportedInterfaceOrientations_iPad = "UIInterfaceOrientationPortrait UIInterfaceOrientationPortraitUpsideDown UIInterfaceOrientationLandscapeLeft UIInterfaceOrientationLandscapeRight";
				INFOPLIST_KEY_UISupportedInterfaceOrientations_iPhone = "UIInterfaceOrientationPortrait UIInterfaceOrientationLandscapeLeft UIInterfaceOrientationLandscapeRight";
				LD_RUNPATH_SEARCH_PATHS = (
					"$(inherited)",
					"@executable_path/Frameworks",
				);
				MARKETING_VERSION = 1.0;
				PRODUCT_BUNDLE_IDENTIFIER = "com.codepath.Parse-Chat";
				PRODUCT_NAME = "$(TARGET_NAME)";
				SWIFT_EMIT_LOC_STRINGS = YES;
				TARGETED_DEVICE_FAMILY = "1,2";
			};
			name = Release;
		};
		EED41B1F286A153E00BB2BED /* Debug */ = {
			isa = XCBuildConfiguration;
			baseConfigurationReference = FFF28B4413E910CDE57E5436 /* Pods-Parse ChatTests.debug.xcconfig */;
			buildSettings = {
				BUNDLE_LOADER = "$(TEST_HOST)";
				CODE_SIGN_STYLE = Automatic;
				CURRENT_PROJECT_VERSION = 1;
				DEVELOPMENT_TEAM = LL534K8W99;
				GENERATE_INFOPLIST_FILE = YES;
				IPHONEOS_DEPLOYMENT_TARGET = 15.5;
				MARKETING_VERSION = 1.0;
				PRODUCT_BUNDLE_IDENTIFIER = "com.codepath.Parse-ChatTests";
				PRODUCT_NAME = "$(TARGET_NAME)";
				SWIFT_EMIT_LOC_STRINGS = NO;
				TARGETED_DEVICE_FAMILY = "1,2";
				TEST_HOST = "$(BUILT_PRODUCTS_DIR)/Parse Chat.app/Parse Chat";
			};
			name = Debug;
		};
		EED41B20286A153E00BB2BED /* Release */ = {
			isa = XCBuildConfiguration;
			baseConfigurationReference = 6EBFA526AE3F3D5995273EAD /* Pods-Parse ChatTests.release.xcconfig */;
			buildSettings = {
				BUNDLE_LOADER = "$(TEST_HOST)";
				CODE_SIGN_STYLE = Automatic;
				CURRENT_PROJECT_VERSION = 1;
				DEVELOPMENT_TEAM = LL534K8W99;
				GENERATE_INFOPLIST_FILE = YES;
				IPHONEOS_DEPLOYMENT_TARGET = 15.5;
				MARKETING_VERSION = 1.0;
				PRODUCT_BUNDLE_IDENTIFIER = "com.codepath.Parse-ChatTests";
				PRODUCT_NAME = "$(TARGET_NAME)";
				SWIFT_EMIT_LOC_STRINGS = NO;
				TARGETED_DEVICE_FAMILY = "1,2";
				TEST_HOST = "$(BUILT_PRODUCTS_DIR)/Parse Chat.app/Parse Chat";
			};
			name = Release;
		};
		EED41B22286A153E00BB2BED /* Debug */ = {
			isa = XCBuildConfiguration;
			baseConfigurationReference = BF1AF816F4B4023511A9E707 /* Pods-Parse Chat-Parse ChatUITests.debug.xcconfig */;
			buildSettings = {
				CODE_SIGN_STYLE = Automatic;
				CURRENT_PROJECT_VERSION = 1;
				DEVELOPMENT_TEAM = LL534K8W99;
				GENERATE_INFOPLIST_FILE = YES;
				MARKETING_VERSION = 1.0;
				PRODUCT_BUNDLE_IDENTIFIER = "com.codepath.Parse-ChatUITests";
				PRODUCT_NAME = "$(TARGET_NAME)";
				SWIFT_EMIT_LOC_STRINGS = NO;
				TARGETED_DEVICE_FAMILY = "1,2";
				TEST_TARGET_NAME = "Parse Chat";
			};
			name = Debug;
		};
		EED41B23286A153E00BB2BED /* Release */ = {
			isa = XCBuildConfiguration;
			baseConfigurationReference = 1627A1DC910710A591511198 /* Pods-Parse Chat-Parse ChatUITests.release.xcconfig */;
			buildSettings = {
				CODE_SIGN_STYLE = Automatic;
				CURRENT_PROJECT_VERSION = 1;
				DEVELOPMENT_TEAM = LL534K8W99;
				GENERATE_INFOPLIST_FILE = YES;
				MARKETING_VERSION = 1.0;
				PRODUCT_BUNDLE_IDENTIFIER = "com.codepath.Parse-ChatUITests";
				PRODUCT_NAME = "$(TARGET_NAME)";
				SWIFT_EMIT_LOC_STRINGS = NO;
				TARGETED_DEVICE_FAMILY = "1,2";
				TEST_TARGET_NAME = "Parse Chat";
			};
			name = Release;
		};
/* End XCBuildConfiguration section */

/* Begin XCConfigurationList section */
		EED41AE7286A153D00BB2BED /* Build configuration list for PBXProject "Parse Chat" */ = {
			isa = XCConfigurationList;
			buildConfigurations = (
				EED41B19286A153E00BB2BED /* Debug */,
				EED41B1A286A153E00BB2BED /* Release */,
			);
			defaultConfigurationIsVisible = 0;
			defaultConfigurationName = Release;
		};
		EED41B1B286A153E00BB2BED /* Build configuration list for PBXNativeTarget "Parse Chat" */ = {
			isa = XCConfigurationList;
			buildConfigurations = (
				EED41B1C286A153E00BB2BED /* Debug */,
				EED41B1D286A153E00BB2BED /* Release */,
			);
			defaultConfigurationIsVisible = 0;
			defaultConfigurationName = Release;
		};
		EED41B1E286A153E00BB2BED /* Build configuration list for PBXNativeTarget "Parse ChatTests" */ = {
			isa = XCConfigurationList;
			buildConfigurations = (
				EED41B1F286A153E00BB2BED /* Debug */,
				EED41B20286A153E00BB2BED /* Release */,
			);
			defaultConfigurationIsVisible = 0;
			defaultConfigurationName = Release;
		};
		EED41B21286A153E00BB2BED /* Build configuration list for PBXNativeTarget "Parse ChatUITests" */ = {
			isa = XCConfigurationList;
			buildConfigurations = (
				EED41B22286A153E00BB2BED /* Debug */,
				EED41B23286A153E00BB2BED /* Release */,
			);
			defaultConfigurationIsVisible = 0;
			defaultConfigurationName = Release;
		};
/* End XCConfigurationList section */
	};
	rootObject = EED41AE4286A153D00BB2BED /* Project object */;
}
